
Microsoft Visual Studio Solution File, Format Version 12.00
Project("{2150E333-8FDC-42A3-9474-1A3956D46DE8}") = "src", "src", "{63AB3979-8A62-4F66-923F-0080C6D384DE}"
EndProject
Project("{2150E333-8FDC-42A3-9474-1A3956D46DE8}") = "samples", "samples", "{BB17F9CC-92ED-43AD-B21E-3AFECEFE0AD1}"
EndProject
Project("{FAE04EC0-301F-11D3-BF4B-00C04F79EFBC}") = "Avalonia.Skia.Lottie", "src\Avalonia.Skia.Lottie\Avalonia.Skia.Lottie.csproj", "{DAE98D56-C766-4B9C-BEE4-947D72897D46}"
EndProject
Project("{FAE04EC0-301F-11D3-BF4B-00C04F79EFBC}") = "LottieDemo", "samples\LottieDemo\LottieDemo.csproj", "{B5D2A1C7-8DB5-4825-B44B-5B1B780FE094}"
EndProject
Project("{FAE04EC0-301F-11D3-BF4B-00C04F79EFBC}") = "LottieDemo.Desktop", "samples\LottieDemo.Desktop\LottieDemo.Desktop.csproj", "{4BAE6D71-C02F-4416-9A4F-35961EBFA022}"
EndProject
Project("{FAE04EC0-301F-11D3-BF4B-00C04F79EFBC}") = "LottieDemo.Web", "samples\LottieDemo.Web\LottieDemo.Web.csproj", "{A84F5C89-5C20-452F-B914-9B1A77AC444A}"
EndProject
Project("{FAE04EC0-301F-11D3-BF4B-00C04F79EFBC}") = "LottieToSvg", "samples\LottieToSvg\LottieToSvg.csproj", "{CE7E4ADC-8AD8-4973-8F89-58669CC38DA8}"
EndProject
Project("{2150E333-8FDC-42A3-9474-1A3956D46DE8}") = "build", "build", "{221169E3-B43C-4E97-8B5E-D070B3FCD4FF}"
	ProjectSection(SolutionItems) = preProject
		Directory.Build.props = Directory.Build.props
		global.json = global.json
		nuget.config = nuget.config
	EndProjectSection
EndProject
Global
	GlobalSection(SolutionConfigurationPlatforms) = preSolution
		Debug|Any CPU = Debug|Any CPU
		Release|Any CPU = Release|Any CPU
	EndGlobalSection
	GlobalSection(ProjectConfigurationPlatforms) = postSolution
		{DAE98D56-C766-4B9C-BEE4-947D72897D46}.Debug|Any CPU.ActiveCfg = Debug|Any CPU
		{DAE98D56-C766-4B9C-BEE4-947D72897D46}.Debug|Any CPU.Build.0 = Debug|Any CPU
		{DAE98D56-C766-4B9C-BEE4-947D72897D46}.Release|Any CPU.ActiveCfg = Release|Any CPU
		{DAE98D56-C766-4B9C-BEE4-947D72897D46}.Release|Any CPU.Build.0 = Release|Any CPU
		{B5D2A1C7-8DB5-4825-B44B-5B1B780FE094}.Debug|Any CPU.ActiveCfg = Debug|Any CPU
		{B5D2A1C7-8DB5-4825-B44B-5B1B780FE094}.Debug|Any CPU.Build.0 = Debug|Any CPU
		{B5D2A1C7-8DB5-4825-B44B-5B1B780FE094}.Release|Any CPU.ActiveCfg = Release|Any CPU
		{B5D2A1C7-8DB5-4825-B44B-5B1B780FE094}.Release|Any CPU.Build.0 = Release|Any CPU
		{4BAE6D71-C02F-4416-9A4F-35961EBFA022}.Debug|Any CPU.ActiveCfg = Debug|Any CPU
		{4BAE6D71-C02F-4416-9A4F-35961EBFA022}.Debug|Any CPU.Build.0 = Debug|Any CPU
		{4BAE6D71-C02F-4416-9A4F-35961EBFA022}.Release|Any CPU.ActiveCfg = Release|Any CPU
		{4BAE6D71-C02F-4416-9A4F-35961EBFA022}.Release|Any CPU.Build.0 = Release|Any CPU
		{A84F5C89-5C20-452F-B914-9B1A77AC444A}.Debug|Any CPU.ActiveCfg = Debug|Any CPU
		{A84F5C89-5C20-452F-B914-9B1A77AC444A}.Debug|Any CPU.Build.0 = Debug|Any CPU
		{A84F5C89-5C20-452F-B914-9B1A77AC444A}.Release|Any CPU.ActiveCfg = Release|Any CPU
		{A84F5C89-5C20-452F-B914-9B1A77AC444A}.Release|Any CPU.Build.0 = Release|Any CPU
		{CE7E4ADC-8AD8-4973-8F89-58669CC38DA8}.Debug|Any CPU.ActiveCfg = Debug|Any CPU
		{CE7E4ADC-8AD8-4973-8F89-58669CC38DA8}.Debug|Any CPU.Build.0 = Debug|Any CPU
		{CE7E4ADC-8AD8-4973-8F89-58669CC38DA8}.Release|Any CPU.ActiveCfg = Release|Any CPU
		{CE7E4ADC-8AD8-4973-8F89-58669CC38DA8}.Release|Any CPU.Build.0 = Release|Any CPU
	EndGlobalSection
	GlobalSection(NestedProjects) = preSolution
		{DAE98D56-C766-4B9C-BEE4-947D72897D46} = {63AB3979-8A62-4F66-923F-0080C6D384DE}
		{B5D2A1C7-8DB5-4825-B44B-5B1B780FE094} = {BB17F9CC-92ED-43AD-B21E-3AFECEFE0AD1}
		{4BAE6D71-C02F-4416-9A4F-35961EBFA022} = {BB17F9CC-92ED-43AD-B21E-3AFECEFE0AD1}
		{A84F5C89-5C20-452F-B914-9B1A77AC444A} = {BB17F9CC-92ED-43AD-B21E-3AFECEFE0AD1}
		{CE7E4ADC-8AD8-4973-8F89-58669CC38DA8} = {BB17F9CC-92ED-43AD-B21E-3AFECEFE0AD1}
	EndGlobalSection
EndGlobal
